{
  "version": 4,
  "terraform_version": "1.1.7",
  "serial": 58,
  "lineage": "75ff9466-7f01-a63a-a0d7-182fb2fa7bab",
  "outputs": {
    "rgid": {
      "value": {},
      "type": [
        "object",
        {}
      ]
    }
  },
  "resources": [
    {
      "module": "module.RG",
      "mode": "managed",
      "type": "azurerm_resource_group",
      "name": "rg",
      "provider": "provider[\"registry.terraform.io/hashicorp/azurerm\"]",
      "instances": [
        {
          "schema_version": 0,
          "attributes": {
            "id": "/subscriptions/5c203a5f-ec94-4cda-a7e8-5675575aee6e/resourceGroups/terraform_dasan",
            "location": "centralindia",
            "name": "terraform_dasan",
            "tags": {},
            "timeouts": null
          },
          "sensitive_attributes": [],
          "private": "eyJlMmJmYjczMC1lY2FhLTExZTYtOGY4OC0zNDM2M2JjN2M0YzAiOnsiY3JlYXRlIjo1NDAwMDAwMDAwMDAwLCJkZWxldGUiOjU0MDAwMDAwMDAwMDAsInJlYWQiOjMwMDAwMDAwMDAwMCwidXBkYXRlIjo1NDAwMDAwMDAwMDAwfX0="
        }
      ]
    },
    {
      "module": "module.vnetm",
      "mode": "managed",
      "type": "azurerm_network_interface",
      "name": "nic",
      "provider": "provider[\"registry.terraform.io/hashicorp/azurerm\"]",
      "instances": [
        {
          "schema_version": 0,
          "attributes": {
            "applied_dns_servers": [],
            "dns_servers": [],
            "enable_accelerated_networking": false,
            "enable_ip_forwarding": false,
            "id": "/subscriptions/5c203a5f-ec94-4cda-a7e8-5675575aee6e/resourceGroups/terraform_dasan/providers/Microsoft.Network/networkInterfaces/nicvm",
            "internal_dns_name_label": "",
            "internal_domain_name_suffix": "yuwwqzsalofebmrgnripv5vsge.rx.internal.cloudapp.net",
            "ip_configuration": [
              {
                "gateway_load_balancer_frontend_ip_configuration_id": "",
                "name": "testconfiguration1",
                "primary": true,
                "private_ip_address": "10.0.1.4",
                "private_ip_address_allocation": "Dynamic",
                "private_ip_address_version": "IPv4",
                "public_ip_address_id": "/subscriptions/5c203a5f-ec94-4cda-a7e8-5675575aee6e/resourceGroups/terraform_dasan/providers/Microsoft.Network/publicIPAddresses/TestPublicIp1",
                "subnet_id": "/subscriptions/5c203a5f-ec94-4cda-a7e8-5675575aee6e/resourceGroups/terraform_dasan/providers/Microsoft.Network/virtualNetworks/terraform_vnet1/subnets/terraform-subnet"
              }
            ],
            "location": "centralindia",
            "mac_address": "60-45-BD-AD-59-DA",
            "name": "nicvm",
            "private_ip_address": "10.0.1.4",
            "private_ip_addresses": [
              "10.0.1.4"
            ],
            "resource_group_name": "terraform_dasan",
            "tags": {},
            "timeouts": null,
            "virtual_machine_id": "/subscriptions/5c203a5f-ec94-4cda-a7e8-5675575aee6e/resourceGroups/terraform_dasan/providers/Microsoft.Compute/virtualMachines/winvm-vm"
          },
          "sensitive_attributes": [],
          "private": "eyJlMmJmYjczMC1lY2FhLTExZTYtOGY4OC0zNDM2M2JjN2M0YzAiOnsiY3JlYXRlIjoxODAwMDAwMDAwMDAwLCJkZWxldGUiOjE4MDAwMDAwMDAwMDAsInJlYWQiOjMwMDAwMDAwMDAwMCwidXBkYXRlIjoxODAwMDAwMDAwMDAwfX0=",
          "dependencies": [
            "module.vnetm.azurerm_public_ip.pip1",
            "module.vnetm.azurerm_subnet.rg2"
          ]
        }
      ]
    },
    {
      "module": "module.vnetm",
      "mode": "managed",
      "type": "azurerm_network_security_group",
      "name": "nsg",
      "provider": "provider[\"registry.terraform.io/hashicorp/azurerm\"]",
      "instances": [
        {
          "schema_version": 0,
          "attributes": {
            "id": "/subscriptions/5c203a5f-ec94-4cda-a7e8-5675575aee6e/resourceGroups/terraform_dasan/providers/Microsoft.Network/networkSecurityGroups/web-nsg",
            "location": "centralindia",
            "name": "web-nsg",
            "resource_group_name": "terraform_dasan",
            "security_rule": [
              {
                "access": "Allow",
                "description": "",
                "destination_address_prefix": "*",
                "destination_address_prefixes": [],
                "destination_application_security_group_ids": [],
                "destination_port_range": "",
                "destination_port_ranges": [
                  "22",
                  "80"
                ],
                "direction": "Inbound",
                "name": "Allow_SSH",
                "priority": 1000,
                "protocol": "Tcp",
                "source_address_prefix": "*",
                "source_address_prefixes": [],
                "source_application_security_group_ids": [],
                "source_port_range": "*",
                "source_port_ranges": []
              }
            ],
            "tags": {},
            "timeouts": null
          },
          "sensitive_attributes": [],
          "private": "eyJlMmJmYjczMC1lY2FhLTExZTYtOGY4OC0zNDM2M2JjN2M0YzAiOnsiY3JlYXRlIjoxODAwMDAwMDAwMDAwLCJkZWxldGUiOjE4MDAwMDAwMDAwMDAsInJlYWQiOjMwMDAwMDAwMDAwMCwidXBkYXRlIjoxODAwMDAwMDAwMDAwfX0="
        }
      ]
    },
    {
      "module": "module.vnetm",
      "mode": "managed",
      "type": "azurerm_public_ip",
      "name": "pip1",
      "provider": "provider[\"registry.terraform.io/hashicorp/azurerm\"]",
      "instances": [
        {
          "schema_version": 0,
          "attributes": {
            "allocation_method": "Static",
            "availability_zone": "No-Zone",
            "domain_name_label": null,
            "fqdn": null,
            "id": "/subscriptions/5c203a5f-ec94-4cda-a7e8-5675575aee6e/resourceGroups/terraform_dasan/providers/Microsoft.Network/publicIPAddresses/TestPublicIp1",
            "idle_timeout_in_minutes": 4,
            "ip_address": "52.140.113.150",
            "ip_tags": {},
            "ip_version": "IPv4",
            "location": "centralindia",
            "name": "TestPublicIp1",
            "public_ip_prefix_id": null,
            "resource_group_name": "terraform_dasan",
            "reverse_fqdn": null,
            "sku": "Basic",
            "sku_tier": "Regional",
            "tags": {},
            "timeouts": null,
            "zones": []
          },
          "sensitive_attributes": [],
          "private": "eyJlMmJmYjczMC1lY2FhLTExZTYtOGY4OC0zNDM2M2JjN2M0YzAiOnsiY3JlYXRlIjoxODAwMDAwMDAwMDAwLCJkZWxldGUiOjE4MDAwMDAwMDAwMDAsInJlYWQiOjMwMDAwMDAwMDAwMCwidXBkYXRlIjoxODAwMDAwMDAwMDAwfX0="
        }
      ]
    },
    {
      "module": "module.vnetm",
      "mode": "managed",
      "type": "azurerm_subnet",
      "name": "rg2",
      "provider": "provider[\"registry.terraform.io/hashicorp/azurerm\"]",
      "instances": [
        {
          "schema_version": 0,
          "attributes": {
            "address_prefix": "10.0.1.0/24",
            "address_prefixes": [
              "10.0.1.0/24"
            ],
            "delegation": [],
            "enforce_private_link_endpoint_network_policies": false,
            "enforce_private_link_service_network_policies": false,
            "id": "/subscriptions/5c203a5f-ec94-4cda-a7e8-5675575aee6e/resourceGroups/terraform_dasan/providers/Microsoft.Network/virtualNetworks/terraform_vnet1/subnets/terraform-subnet",
            "name": "terraform-subnet",
            "resource_group_name": "terraform_dasan",
            "service_endpoint_policy_ids": [],
            "service_endpoints": [],
            "timeouts": null,
            "virtual_network_name": "terraform_vnet1"
          },
          "sensitive_attributes": [],
          "private": "eyJlMmJmYjczMC1lY2FhLTExZTYtOGY4OC0zNDM2M2JjN2M0YzAiOnsiY3JlYXRlIjoxODAwMDAwMDAwMDAwLCJkZWxldGUiOjE4MDAwMDAwMDAwMDAsInJlYWQiOjMwMDAwMDAwMDAwMCwidXBkYXRlIjoxODAwMDAwMDAwMDAwfX0="
        }
      ]
    },
    {
      "module": "module.vnetm",
      "mode": "managed",
      "type": "azurerm_subnet_network_security_group_association",
      "name": "subnet-nsg",
      "provider": "provider[\"registry.terraform.io/hashicorp/azurerm\"]",
      "instances": [
        {
          "schema_version": 0,
          "attributes": {
            "id": "/subscriptions/5c203a5f-ec94-4cda-a7e8-5675575aee6e/resourceGroups/terraform_dasan/providers/Microsoft.Network/virtualNetworks/terraform_vnet1/subnets/terraform-subnet",
            "network_security_group_id": "/subscriptions/5c203a5f-ec94-4cda-a7e8-5675575aee6e/resourceGroups/terraform_dasan/providers/Microsoft.Network/networkSecurityGroups/web-nsg",
            "subnet_id": "/subscriptions/5c203a5f-ec94-4cda-a7e8-5675575aee6e/resourceGroups/terraform_dasan/providers/Microsoft.Network/virtualNetworks/terraform_vnet1/subnets/terraform-subnet",
            "timeouts": null
          },
          "sensitive_attributes": [],
          "private": "eyJlMmJmYjczMC1lY2FhLTExZTYtOGY4OC0zNDM2M2JjN2M0YzAiOnsiY3JlYXRlIjoxODAwMDAwMDAwMDAwLCJkZWxldGUiOjE4MDAwMDAwMDAwMDAsInJlYWQiOjMwMDAwMDAwMDAwMCwidXBkYXRlIjoxODAwMDAwMDAwMDAwfX0=",
          "dependencies": [
            "module.vnetm.azurerm_network_security_group.nsg",
            "module.vnetm.azurerm_subnet.rg2"
          ]
        }
      ]
    },
    {
      "module": "module.vnetm",
      "mode": "managed",
      "type": "azurerm_virtual_network",
      "name": "rg1",
      "provider": "provider[\"registry.terraform.io/hashicorp/azurerm\"]",
      "instances": [
        {
          "schema_version": 0,
          "attributes": {
            "address_space": [
              "10.0.0.0/16"
            ],
            "bgp_community": "",
            "ddos_protection_plan": [],
            "dns_servers": [],
            "flow_timeout_in_minutes": 0,
            "guid": "66682dc5-5b40-408a-b226-6c50fafeb234",
            "id": "/subscriptions/5c203a5f-ec94-4cda-a7e8-5675575aee6e/resourceGroups/terraform_dasan/providers/Microsoft.Network/virtualNetworks/terraform_vnet1",
            "location": "centralindia",
            "name": "terraform_vnet1",
            "resource_group_name": "terraform_dasan",
            "subnet": [
              {
                "address_prefix": "10.0.1.0/24",
                "id": "/subscriptions/5c203a5f-ec94-4cda-a7e8-5675575aee6e/resourceGroups/terraform_dasan/providers/Microsoft.Network/virtualNetworks/terraform_vnet1/subnets/terraform-subnet",
                "name": "terraform-subnet",
                "security_group": "/subscriptions/5c203a5f-ec94-4cda-a7e8-5675575aee6e/resourceGroups/terraform_dasan/providers/Microsoft.Network/networkSecurityGroups/web-nsg"
              }
            ],
            "tags": {},
            "timeouts": null,
            "vm_protection_enabled": false
          },
          "sensitive_attributes": [],
          "private": "eyJlMmJmYjczMC1lY2FhLTExZTYtOGY4OC0zNDM2M2JjN2M0YzAiOnsiY3JlYXRlIjoxODAwMDAwMDAwMDAwLCJkZWxldGUiOjE4MDAwMDAwMDAwMDAsInJlYWQiOjMwMDAwMDAwMDAwMCwidXBkYXRlIjoxODAwMDAwMDAwMDAwfX0="
        }
      ]
    }
  ]
}
